// !$*UTF8*$!
{
	archiveVersion = 1;
	classes = {
	};
	objectVersion = 77;
	objects = {

/* Begin PBXBuildFile section */
		5E0DC4962E944E72009CF9E5 /* room4doom in CopyFiles */ = {isa = PBXBuildFile; fileRef = 5E0DC4952E944E5E009CF9E5 /* room4doom */; settings = {ATTRIBUTES = (CodeSignOnCopy, ); }; };
		5E0DC4972E944E72009CF9E5 /* multigen in CopyFiles */ = {isa = PBXBuildFile; fileRef = 5E0DC4922E944E5E009CF9E5 /* multigen */; settings = {ATTRIBUTES = (CodeSignOnCopy, ); }; };
		5E0DC4992E944EA1009CF9E5 /* doom1.wad in CopyFiles */ = {isa = PBXBuildFile; fileRef = 5E0DC4982E944EA1009CF9E5 /* doom1.wad */; };
		5E87D77D2E4B3A36007759A3 /* SDL2.framework in Frameworks */ = {isa = PBXBuildFile; fileRef = 5E87D77C2E4B3A36007759A3 /* SDL2.framework */; };
		5E87D77E2E4B3A36007759A3 /* SDL2.framework in Embed Frameworks */ = {isa = PBXBuildFile; fileRef = 5E87D77C2E4B3A36007759A3 /* SDL2.framework */; settings = {ATTRIBUTES = (CodeSignOnCopy, RemoveHeadersOnCopy, ); }; };
		5E87D7912E4B3E07007759A3 /* SDL2_mixer.framework in Frameworks */ = {isa = PBXBuildFile; fileRef = 5E87D7882E4B3E07007759A3 /* SDL2_mixer.framework */; };
		5E87D7922E4B3E07007759A3 /* SDL2_mixer.framework in Embed Frameworks */ = {isa = PBXBuildFile; fileRef = 5E87D7882E4B3E07007759A3 /* SDL2_mixer.framework */; settings = {ATTRIBUTES = (CodeSignOnCopy, RemoveHeadersOnCopy, ); }; };
		5E87D7932E4B3E07007759A3 /* ogg.framework in Frameworks */ = {isa = PBXBuildFile; fileRef = 5E87D78F2E4B3E07007759A3 /* ogg.framework */; };
		5E87D7942E4B3E07007759A3 /* ogg.framework in Embed Frameworks */ = {isa = PBXBuildFile; fileRef = 5E87D78F2E4B3E07007759A3 /* ogg.framework */; settings = {ATTRIBUTES = (CodeSignOnCopy, RemoveHeadersOnCopy, ); }; };
		5E87D7952E4B3E07007759A3 /* wavpack.framework in Frameworks */ = {isa = PBXBuildFile; fileRef = 5E87D7902E4B3E07007759A3 /* wavpack.framework */; };
		5E87D7962E4B3E07007759A3 /* wavpack.framework in Embed Frameworks */ = {isa = PBXBuildFile; fileRef = 5E87D7902E4B3E07007759A3 /* wavpack.framework */; settings = {ATTRIBUTES = (CodeSignOnCopy, RemoveHeadersOnCopy, ); }; };
/* End PBXBuildFile section */

/* Begin PBXContainerItemProxy section */
		5E0DC4912E944E5E009CF9E5 /* PBXContainerItemProxy */ = {
			isa = PBXContainerItemProxy;
			containerPortal = 5E0DC47D2E944D87009CF9E5 /* multigen.xcodeproj */;
			proxyType = 2;
			remoteGlobalIDString = CA00BD2EDF57C4BD8441C7F8;
			remoteInfo = "multigen (standalone executable)";
		};
		5E0DC4942E944E5E009CF9E5 /* PBXContainerItemProxy */ = {
			isa = PBXContainerItemProxy;
			containerPortal = 5E0DC4772E944D74009CF9E5 /* room4doom.xcodeproj */;
			proxyType = 2;
			remoteGlobalIDString = CA00A84BD2057F5B5F5AC289;
			remoteInfo = "room4doom (standalone executable)";
		};
/* End PBXContainerItemProxy section */

/* Begin PBXCopyFilesBuildPhase section */
		5E87D77F2E4B3A36007759A3 /* Embed Frameworks */ = {
			isa = PBXCopyFilesBuildPhase;
			buildActionMask = 2147483647;
			dstPath = "";
			dstSubfolderSpec = 10;
			files = (
				5E87D77E2E4B3A36007759A3 /* SDL2.framework in Embed Frameworks */,
				5E87D7922E4B3E07007759A3 /* SDL2_mixer.framework in Embed Frameworks */,
				5E87D7962E4B3E07007759A3 /* wavpack.framework in Embed Frameworks */,
				5E87D7942E4B3E07007759A3 /* ogg.framework in Embed Frameworks */,
			);
			name = "Embed Frameworks";
			runOnlyForDeploymentPostprocessing = 0;
		};
		5EF956602E4B4C48001EFD5A /* CopyFiles */ = {
			isa = PBXCopyFilesBuildPhase;
			buildActionMask = 2147483647;
			dstPath = "";
			dstSubfolderSpec = 6;
			files = (
				5E0DC4992E944EA1009CF9E5 /* doom1.wad in CopyFiles */,
				5E0DC4962E944E72009CF9E5 /* room4doom in CopyFiles */,
				5E0DC4972E944E72009CF9E5 /* multigen in CopyFiles */,
			);
			runOnlyForDeploymentPostprocessing = 0;
		};
		5EF956682E4B4CD1001EFD5A /* CopyFiles */ = {
			isa = PBXCopyFilesBuildPhase;
			buildActionMask = 2147483647;
			dstPath = "";
			dstSubfolderSpec = 10;
			files = (
			);
			runOnlyForDeploymentPostprocessing = 0;
		};
/* End PBXCopyFilesBuildPhase section */

/* Begin PBXFileReference section */
		5E0DC4772E944D74009CF9E5 /* room4doom.xcodeproj */ = {isa = PBXFileReference; lastKnownFileType = "wrapper.pb-project"; name = room4doom.xcodeproj; path = "game-exe/room4doom.xcodeproj"; sourceTree = "<group>"; };
		5E0DC47D2E944D87009CF9E5 /* multigen.xcodeproj */ = {isa = PBXFileReference; lastKnownFileType = "wrapper.pb-project"; name = multigen.xcodeproj; path = multigen/multigen.xcodeproj; sourceTree = "<group>"; };
		5E0DC4982E944EA1009CF9E5 /* doom1.wad */ = {isa = PBXFileReference; lastKnownFileType = file; path = doom1.wad; sourceTree = "<group>"; };
		5E87D7432E4B37B2007759A3 /* room4doom.app */ = {isa = PBXFileReference; explicitFileType = wrapper.application; includeInIndex = 0; path = room4doom.app; sourceTree = BUILT_PRODUCTS_DIR; };
		5E87D77C2E4B3A36007759A3 /* SDL2.framework */ = {isa = PBXFileReference; lastKnownFileType = wrapper.framework; name = SDL2.framework; path = ../../../../../Library/Frameworks/SDL2.framework; sourceTree = "<group>"; };
		5E87D7882E4B3E07007759A3 /* SDL2_mixer.framework */ = {isa = PBXFileReference; lastKnownFileType = wrapper.framework; name = SDL2_mixer.framework; path = ../../../../../Library/Frameworks/SDL2_mixer.framework; sourceTree = "<group>"; };
		5E87D78F2E4B3E07007759A3 /* ogg.framework */ = {isa = PBXFileReference; lastKnownFileType = wrapper.framework; name = ogg.framework; path = ../../../../../Library/Frameworks/ogg.framework; sourceTree = "<group>"; };
		5E87D7902E4B3E07007759A3 /* wavpack.framework */ = {isa = PBXFileReference; lastKnownFileType = wrapper.framework; name = wavpack.framework; path = ../../../../../Library/Frameworks/wavpack.framework; sourceTree = "<group>"; };
/* End PBXFileReference section */

/* Begin PBXFileSystemSynchronizedRootGroup section */
		5E87D7452E4B37B2007759A3 /* room4doom */ = {
			isa = PBXFileSystemSynchronizedRootGroup;
			path = room4doom;
			sourceTree = "<group>";
		};
/* End PBXFileSystemSynchronizedRootGroup section */

/* Begin PBXFrameworksBuildPhase section */
		5E87D7402E4B37B2007759A3 /* Frameworks */ = {
			isa = PBXFrameworksBuildPhase;
			buildActionMask = 2147483647;
			files = (
				5E87D77D2E4B3A36007759A3 /* SDL2.framework in Frameworks */,
				5E87D7912E4B3E07007759A3 /* SDL2_mixer.framework in Frameworks */,
				5E87D7952E4B3E07007759A3 /* wavpack.framework in Frameworks */,
				5E87D7932E4B3E07007759A3 /* ogg.framework in Frameworks */,
			);
			runOnlyForDeploymentPostprocessing = 0;
		};
/* End PBXFrameworksBuildPhase section */

/* Begin PBXGroup section */
		5E0DC47E2E944D87009CF9E5 /* Products */ = {
			isa = PBXGroup;
			children = (
				5E0DC4922E944E5E009CF9E5 /* multigen */,
			);
			name = Products;
			sourceTree = "<group>";
		};
		5E0DC48E2E944E5E009CF9E5 /* Products */ = {
			isa = PBXGroup;
			children = (
				5E0DC4952E944E5E009CF9E5 /* room4doom */,
			);
			name = Products;
			sourceTree = "<group>";
		};
		5E87D73A2E4B37B2007759A3 = {
			isa = PBXGroup;
			children = (
				5E0DC4982E944EA1009CF9E5 /* doom1.wad */,
				5E87D7452E4B37B2007759A3 /* room4doom */,
				5E87D7442E4B37B2007759A3 /* Products */,
				5E87D77B2E4B3A36007759A3 /* Frameworks */,
				5E0DC4772E944D74009CF9E5 /* room4doom.xcodeproj */,
				5E0DC47D2E944D87009CF9E5 /* multigen.xcodeproj */,
			);
			sourceTree = "<group>";
		};
		5E87D7442E4B37B2007759A3 /* Products */ = {
			isa = PBXGroup;
			children = (
				5E87D7432E4B37B2007759A3 /* room4doom.app */,
			);
			name = Products;
			sourceTree = "<group>";
		};
		5E87D77B2E4B3A36007759A3 /* Frameworks */ = {
			isa = PBXGroup;
			children = (
				5E87D78F2E4B3E07007759A3 /* ogg.framework */,
				5E87D7882E4B3E07007759A3 /* SDL2_mixer.framework */,
				5E87D7902E4B3E07007759A3 /* wavpack.framework */,
				5E87D77C2E4B3A36007759A3 /* SDL2.framework */,
			);
			name = Frameworks;
			sourceTree = "<group>";
		};
/* End PBXGroup section */

/* Begin PBXNativeTarget section */
		5E87D7422E4B37B2007759A3 /* room4doom */ = {
			isa = PBXNativeTarget;
			buildConfigurationList = 5E87D74E2E4B37B2007759A3 /* Build configuration list for PBXNativeTarget "room4doom" */;
			buildPhases = (
				5E87D7402E4B37B2007759A3 /* Frameworks */,
				5E87D7412E4B37B2007759A3 /* Resources */,
				5E87D77F2E4B3A36007759A3 /* Embed Frameworks */,
				5EF956602E4B4C48001EFD5A /* CopyFiles */,
				5EF956682E4B4CD1001EFD5A /* CopyFiles */,
			);
			buildRules = (
			);
			dependencies = (
			);
			fileSystemSynchronizedGroups = (
				5E87D7452E4B37B2007759A3 /* room4doom */,
			);
			name = room4doom;
			packageProductDependencies = (
			);
			productName = room4doom;
			productReference = 5E87D7432E4B37B2007759A3 /* room4doom.app */;
			productType = "com.apple.product-type.application";
		};
/* End PBXNativeTarget section */

/* Begin PBXProject section */
		5E87D73B2E4B37B2007759A3 /* Project object */ = {
			isa = PBXProject;
			attributes = {
				BuildIndependentTargetsInParallel = 1;
				LastSwiftUpdateCheck = 2600;
				LastUpgradeCheck = 2600;
				TargetAttributes = {
					5E87D7422E4B37B2007759A3 = {
						CreatedOnToolsVersion = 26.0;
					};
				};
			};
			buildConfigurationList = 5E87D73E2E4B37B2007759A3 /* Build configuration list for PBXProject "room4doom" */;
			developmentRegion = en;
			hasScannedForEncodings = 0;
			knownRegions = (
				en,
				Base,
			);
			mainGroup = 5E87D73A2E4B37B2007759A3;
			minimizedProjectReferenceProxies = 1;
			preferredProjectObjectVersion = 77;
			productRefGroup = 5E87D7442E4B37B2007759A3 /* Products */;
			projectDirPath = "";
			projectReferences = (
				{
					ProductGroup = 5E0DC47E2E944D87009CF9E5 /* Products */;
					ProjectRef = 5E0DC47D2E944D87009CF9E5 /* multigen.xcodeproj */;
				},
				{
					ProductGroup = 5E0DC48E2E944E5E009CF9E5 /* Products */;
					ProjectRef = 5E0DC4772E944D74009CF9E5 /* room4doom.xcodeproj */;
				},
			);
			projectRoot = "";
			targets = (
				5E87D7422E4B37B2007759A3 /* room4doom */,
			);
		};
/* End PBXProject section */

/* Begin PBXReferenceProxy section */
		5E0DC4922E944E5E009CF9E5 /* multigen */ = {
			isa = PBXReferenceProxy;
			fileType = "compiled.mach-o.executable";
			path = multigen;
			remoteRef = 5E0DC4912E944E5E009CF9E5 /* PBXContainerItemProxy */;
			sourceTree = BUILT_PRODUCTS_DIR;
		};
		5E0DC4952E944E5E009CF9E5 /* room4doom */ = {
			isa = PBXReferenceProxy;
			fileType = "compiled.mach-o.executable";
			path = room4doom;
			remoteRef = 5E0DC4942E944E5E009CF9E5 /* PBXContainerItemProxy */;
			sourceTree = BUILT_PRODUCTS_DIR;
		};
/* End PBXReferenceProxy section */

/* Begin PBXResourcesBuildPhase section */
		5E87D7412E4B37B2007759A3 /* Resources */ = {
			isa = PBXResourcesBuildPhase;
			buildActionMask = 2147483647;
			files = (
			);
			runOnlyForDeploymentPostprocessing = 0;
		};
/* End PBXResourcesBuildPhase section */

/* Begin XCBuildConfiguration section */
		5E87D74C2E4B37B2007759A3 /* Debug */ = {
			isa = XCBuildConfiguration;
			buildSettings = {
				ALWAYS_SEARCH_USER_PATHS = NO;
				ASSETCATALOG_COMPILER_GENERATE_SWIFT_ASSET_SYMBOL_EXTENSIONS = YES;
				CLANG_ANALYZER_NONNULL = YES;
				CLANG_ANALYZER_NUMBER_OBJECT_CONVERSION = YES_AGGRESSIVE;
				CLANG_CXX_LANGUAGE_STANDARD = "gnu++20";
				CLANG_ENABLE_MODULES = YES;
				CLANG_ENABLE_OBJC_ARC = YES;
				CLANG_ENABLE_OBJC_WEAK = YES;
				CLANG_WARN_BLOCK_CAPTURE_AUTORELEASING = YES;
				CLANG_WARN_BOOL_CONVERSION = YES;
				CLANG_WARN_COMMA = YES;
				CLANG_WARN_CONSTANT_CONVERSION = YES;
				CLANG_WARN_DEPRECATED_OBJC_IMPLEMENTATIONS = YES;
				CLANG_WARN_DIRECT_OBJC_ISA_USAGE = YES_ERROR;
				CLANG_WARN_DOCUMENTATION_COMMENTS = YES;
				CLANG_WARN_EMPTY_BODY = YES;
				CLANG_WARN_ENUM_CONVERSION = YES;
				CLANG_WARN_INFINITE_RECURSION = YES;
				CLANG_WARN_INT_CONVERSION = YES;
				CLANG_WARN_NON_LITERAL_NULL_CONVERSION = YES;
				CLANG_WARN_OBJC_IMPLICIT_RETAIN_SELF = YES;
				CLANG_WARN_OBJC_LITERAL_CONVERSION = YES;
				CLANG_WARN_OBJC_ROOT_CLASS = YES_ERROR;
				CLANG_WARN_QUOTED_INCLUDE_IN_FRAMEWORK_HEADER = YES;
				CLANG_WARN_RANGE_LOOP_ANALYSIS = YES;
				CLANG_WARN_STRICT_PROTOTYPES = YES;
				CLANG_WARN_SUSPICIOUS_MOVE = YES;
				CLANG_WARN_UNGUARDED_AVAILABILITY = YES_AGGRESSIVE;
				CLANG_WARN_UNREACHABLE_CODE = YES;
				CLANG_WARN__DUPLICATE_METHOD_MATCH = YES;
				COPY_PHASE_STRIP = NO;
				DEBUG_INFORMATION_FORMAT = dwarf;
				DEVELOPMENT_TEAM = PQT6XW4FFN;
				ENABLE_STRICT_OBJC_MSGSEND = YES;
				ENABLE_TESTABILITY = YES;
				ENABLE_USER_SCRIPT_SANDBOXING = YES;
				GCC_C_LANGUAGE_STANDARD = gnu17;
				GCC_DYNAMIC_NO_PIC = NO;
				GCC_NO_COMMON_BLOCKS = YES;
				GCC_OPTIMIZATION_LEVEL = 0;
				GCC_PREPROCESSOR_DEFINITIONS = (
					"DEBUG=1",
					"$(inherited)",
				);
				GCC_WARN_64_TO_32_BIT_CONVERSION = YES;
				GCC_WARN_ABOUT_RETURN_TYPE = YES_ERROR;
				GCC_WARN_UNDECLARED_SELECTOR = YES;
				GCC_WARN_UNINITIALIZED_AUTOS = YES_AGGRESSIVE;
				GCC_WARN_UNUSED_FUNCTION = YES;
				GCC_WARN_UNUSED_VARIABLE = YES;
				LOCALIZATION_PREFERS_STRING_CATALOGS = YES;
				MTL_ENABLE_DEBUG_INFO = INCLUDE_SOURCE;
				MTL_FAST_MATH = YES;
				ONLY_ACTIVE_ARCH = YES;
				SWIFT_ACTIVE_COMPILATION_CONDITIONS = "DEBUG $(inherited)";
				SWIFT_OPTIMIZATION_LEVEL = "-Onone";
			};
			name = Debug;
		};
		5E87D74D2E4B37B2007759A3 /* Release */ = {
			isa = XCBuildConfiguration;
			buildSettings = {
				ALWAYS_SEARCH_USER_PATHS = NO;
				ASSETCATALOG_COMPILER_GENERATE_SWIFT_ASSET_SYMBOL_EXTENSIONS = YES;
				CLANG_ANALYZER_NONNULL = YES;
				CLANG_ANALYZER_NUMBER_OBJECT_CONVERSION = YES_AGGRESSIVE;
				CLANG_CXX_LANGUAGE_STANDARD = "gnu++20";
				CLANG_ENABLE_MODULES = YES;
				CLANG_ENABLE_OBJC_ARC = YES;
				CLANG_ENABLE_OBJC_WEAK = YES;
				CLANG_WARN_BLOCK_CAPTURE_AUTORELEASING = YES;
				CLANG_WARN_BOOL_CONVERSION = YES;
				CLANG_WARN_COMMA = YES;
				CLANG_WARN_CONSTANT_CONVERSION = YES;
				CLANG_WARN_DEPRECATED_OBJC_IMPLEMENTATIONS = YES;
				CLANG_WARN_DIRECT_OBJC_ISA_USAGE = YES_ERROR;
				CLANG_WARN_DOCUMENTATION_COMMENTS = YES;
				CLANG_WARN_EMPTY_BODY = YES;
				CLANG_WARN_ENUM_CONVERSION = YES;
				CLANG_WARN_INFINITE_RECURSION = YES;
				CLANG_WARN_INT_CONVERSION = YES;
				CLANG_WARN_NON_LITERAL_NULL_CONVERSION = YES;
				CLANG_WARN_OBJC_IMPLICIT_RETAIN_SELF = YES;
				CLANG_WARN_OBJC_LITERAL_CONVERSION = YES;
				CLANG_WARN_OBJC_ROOT_CLASS = YES_ERROR;
				CLANG_WARN_QUOTED_INCLUDE_IN_FRAMEWORK_HEADER = YES;
				CLANG_WARN_RANGE_LOOP_ANALYSIS = YES;
				CLANG_WARN_STRICT_PROTOTYPES = YES;
				CLANG_WARN_SUSPICIOUS_MOVE = YES;
				CLANG_WARN_UNGUARDED_AVAILABILITY = YES_AGGRESSIVE;
				CLANG_WARN_UNREACHABLE_CODE = YES;
				CLANG_WARN__DUPLICATE_METHOD_MATCH = YES;
				COPY_PHASE_STRIP = NO;
				DEBUG_INFORMATION_FORMAT = "dwarf-with-dsym";
				DEVELOPMENT_TEAM = PQT6XW4FFN;
				ENABLE_NS_ASSERTIONS = NO;
				ENABLE_STRICT_OBJC_MSGSEND = YES;
				ENABLE_USER_SCRIPT_SANDBOXING = YES;
				GCC_C_LANGUAGE_STANDARD = gnu17;
				GCC_NO_COMMON_BLOCKS = YES;
				GCC_WARN_64_TO_32_BIT_CONVERSION = YES;
				GCC_WARN_ABOUT_RETURN_TYPE = YES_ERROR;
				GCC_WARN_UNDECLARED_SELECTOR = YES;
				GCC_WARN_UNINITIALIZED_AUTOS = YES_AGGRESSIVE;
				GCC_WARN_UNUSED_FUNCTION = YES;
				GCC_WARN_UNUSED_VARIABLE = YES;
				LOCALIZATION_PREFERS_STRING_CATALOGS = YES;
				MTL_ENABLE_DEBUG_INFO = NO;
				MTL_FAST_MATH = YES;
				SWIFT_COMPILATION_MODE = wholemodule;
			};
			name = Release;
		};
		5E87D74F2E4B37B2007759A3 /* Debug */ = {
			isa = XCBuildConfiguration;
			buildSettings = {
				ASSETCATALOG_COMPILER_APPICON_NAME = AppIcon;
				ASSETCATALOG_COMPILER_GLOBAL_ACCENT_COLOR_NAME = AccentColor;
				CODE_SIGN_STYLE = Automatic;
				CURRENT_PROJECT_VERSION = 1;
				DEVELOPMENT_TEAM = PQT6XW4FFN;
				ENABLE_APP_SANDBOX = NO;
				ENABLE_HARDENED_RUNTIME = YES;
				ENABLE_PREVIEWS = YES;
				FRAMEWORK_SEARCH_PATHS = (
					"$(inherited)",
					"$(LOCAL_LIBRARY_DIR)/Frameworks",
				);
				GENERATE_INFOPLIST_FILE = YES;
				"INFOPLIST_KEY_UIApplicationSceneManifest_Generation[sdk=iphoneos*]" = YES;
				"INFOPLIST_KEY_UIApplicationSceneManifest_Generation[sdk=iphonesimulator*]" = YES;
				"INFOPLIST_KEY_UIApplicationSupportsIndirectInputEvents[sdk=iphoneos*]" = YES;
				"INFOPLIST_KEY_UIApplicationSupportsIndirectInputEvents[sdk=iphonesimulator*]" = YES;
				"INFOPLIST_KEY_UILaunchScreen_Generation[sdk=iphoneos*]" = YES;
				"INFOPLIST_KEY_UILaunchScreen_Generation[sdk=iphonesimulator*]" = YES;
				"INFOPLIST_KEY_UIStatusBarStyle[sdk=iphoneos*]" = UIStatusBarStyleDefault;
				"INFOPLIST_KEY_UIStatusBarStyle[sdk=iphonesimulator*]" = UIStatusBarStyleDefault;
				INFOPLIST_KEY_UISupportedInterfaceOrientations_iPad = "UIInterfaceOrientationPortrait UIInterfaceOrientationPortraitUpsideDown UIInterfaceOrientationLandscapeLeft UIInterfaceOrientationLandscapeRight";
				INFOPLIST_KEY_UISupportedInterfaceOrientations_iPhone = "UIInterfaceOrientationPortrait UIInterfaceOrientationLandscapeLeft UIInterfaceOrientationLandscapeRight";
				IPHONEOS_DEPLOYMENT_TARGET = 26.0;
				LD_RUNPATH_SEARCH_PATHS = "\"$(inherited) @executable_path/../Frameworks @loader_path/../Frameworks\"";
				"LD_RUNPATH_SEARCH_PATHS[sdk=macosx*]" = "@executable_path/../Frameworks";
				MACOSX_DEPLOYMENT_TARGET = 26.0;
				MARKETING_VERSION = 1.0;
				PRODUCT_BUNDLE_IDENTIFIER = ljones.xyz.room4doom;
				PRODUCT_NAME = "$(TARGET_NAME)";
				REGISTER_APP_GROUPS = YES;
				SDKROOT = auto;
				STRING_CATALOG_GENERATE_SYMBOLS = YES;
				SUPPORTED_PLATFORMS = "iphoneos iphonesimulator macosx xros xrsimulator";
				SWIFT_APPROACHABLE_CONCURRENCY = YES;
				SWIFT_DEFAULT_ACTOR_ISOLATION = MainActor;
				SWIFT_EMIT_LOC_STRINGS = YES;
				SWIFT_UPCOMING_FEATURE_MEMBER_IMPORT_VISIBILITY = YES;
				SWIFT_VERSION = 5.0;
				TARGETED_DEVICE_FAMILY = "1,2,7";
				XROS_DEPLOYMENT_TARGET = 26.0;
			};
			name = Debug;
		};
		5E87D7502E4B37B2007759A3 /* Release */ = {
			isa = XCBuildConfiguration;
			buildSettings = {
				ASSETCATALOG_COMPILER_APPICON_NAME = AppIcon;
				ASSETCATALOG_COMPILER_GLOBAL_ACCENT_COLOR_NAME = AccentColor;
				CODE_SIGN_STYLE = Automatic;
				CURRENT_PROJECT_VERSION = 1;
				DEVELOPMENT_TEAM = PQT6XW4FFN;
				ENABLE_APP_SANDBOX = NO;
				ENABLE_HARDENED_RUNTIME = YES;
				ENABLE_PREVIEWS = YES;
				FRAMEWORK_SEARCH_PATHS = (
					"$(inherited)",
					"$(LOCAL_LIBRARY_DIR)/Frameworks",
				);
				GENERATE_INFOPLIST_FILE = YES;
				"INFOPLIST_KEY_UIApplicationSceneManifest_Generation[sdk=iphoneos*]" = YES;
				"INFOPLIST_KEY_UIApplicationSceneManifest_Generation[sdk=iphonesimulator*]" = YES;
				"INFOPLIST_KEY_UIApplicationSupportsIndirectInputEvents[sdk=iphoneos*]" = YES;
				"INFOPLIST_KEY_UIApplicationSupportsIndirectInputEvents[sdk=iphonesimulator*]" = YES;
				"INFOPLIST_KEY_UILaunchScreen_Generation[sdk=iphoneos*]" = YES;
				"INFOPLIST_KEY_UILaunchScreen_Generation[sdk=iphonesimulator*]" = YES;
				"INFOPLIST_KEY_UIStatusBarStyle[sdk=iphoneos*]" = UIStatusBarStyleDefault;
				"INFOPLIST_KEY_UIStatusBarStyle[sdk=iphonesimulator*]" = UIStatusBarStyleDefault;
				INFOPLIST_KEY_UISupportedInterfaceOrientations_iPad = "UIInterfaceOrientationPortrait UIInterfaceOrientationPortraitUpsideDown UIInterfaceOrientationLandscapeLeft UIInterfaceOrientationLandscapeRight";
				INFOPLIST_KEY_UISupportedInterfaceOrientations_iPhone = "UIInterfaceOrientationPortrait UIInterfaceOrientationLandscapeLeft UIInterfaceOrientationLandscapeRight";
				IPHONEOS_DEPLOYMENT_TARGET = 26.0;
				LD_RUNPATH_SEARCH_PATHS = "\"$(inherited) @executable_path/../Frameworks @loader_path/../Frameworks\"";
				"LD_RUNPATH_SEARCH_PATHS[sdk=macosx*]" = "@executable_path/../Frameworks";
				MACOSX_DEPLOYMENT_TARGET = 26.0;
				MARKETING_VERSION = 1.0;
				PRODUCT_BUNDLE_IDENTIFIER = ljones.xyz.room4doom;
				PRODUCT_NAME = "$(TARGET_NAME)";
				REGISTER_APP_GROUPS = YES;
				SDKROOT = auto;
				STRING_CATALOG_GENERATE_SYMBOLS = YES;
				SUPPORTED_PLATFORMS = "iphoneos iphonesimulator macosx xros xrsimulator";
				SWIFT_APPROACHABLE_CONCURRENCY = YES;
				SWIFT_DEFAULT_ACTOR_ISOLATION = MainActor;
				SWIFT_EMIT_LOC_STRINGS = YES;
				SWIFT_UPCOMING_FEATURE_MEMBER_IMPORT_VISIBILITY = YES;
				SWIFT_VERSION = 5.0;
				TARGETED_DEVICE_FAMILY = "1,2,7";
				XROS_DEPLOYMENT_TARGET = 26.0;
			};
			name = Release;
		};
/* End XCBuildConfiguration section */

/* Begin XCConfigurationList section */
		5E87D73E2E4B37B2007759A3 /* Build configuration list for PBXProject "room4doom" */ = {
			isa = XCConfigurationList;
			buildConfigurations = (
				5E87D74C2E4B37B2007759A3 /* Debug */,
				5E87D74D2E4B37B2007759A3 /* Release */,
			);
			defaultConfigurationIsVisible = 0;
			defaultConfigurationName = Release;
		};
		5E87D74E2E4B37B2007759A3 /* Build configuration list for PBXNativeTarget "room4doom" */ = {
			isa = XCConfigurationList;
			buildConfigurations = (
				5E87D74F2E4B37B2007759A3 /* Debug */,
				5E87D7502E4B37B2007759A3 /* Release */,
			);
			defaultConfigurationIsVisible = 0;
			defaultConfigurationName = Release;
		};
/* End XCConfigurationList section */
	};
	rootObject = 5E87D73B2E4B37B2007759A3 /* Project object */;
}
